// !$*UTF8*$!
{
	archiveVersion = 1;
	classes = {
	};
	objectVersion = 50;
	objects = {

/* Begin PBXBuildFile section */
		37F7159721D2E3820055F233 /* HierarchyBuilder.swift in Sources */ = {isa = PBXBuildFile; fileRef = 37F7159621D2E3820055F233 /* HierarchyBuilder.swift */; };
		37F7159921D2E9AA0055F233 /* RenderingView.swift in Sources */ = {isa = PBXBuildFile; fileRef = 37F7159821D2E9AA0055F233 /* RenderingView.swift */; };
		37F7159B21D2EC060055F233 /* RenderingTreeBuilder.swift in Sources */ = {isa = PBXBuildFile; fileRef = 37F7159A21D2EC060055F233 /* RenderingTreeBuilder.swift */; };
		37F7159D21D2ED3A0055F233 /* Constants.swift in Sources */ = {isa = PBXBuildFile; fileRef = 37F7159C21D2ED3A0055F233 /* Constants.swift */; };
		37F93C2221D28B41007CBE78 /* AppDelegate.swift in Sources */ = {isa = PBXBuildFile; fileRef = 37F93C2121D28B41007CBE78 /* AppDelegate.swift */; };
		37F93C2421D28B41007CBE78 /* ViewController.swift in Sources */ = {isa = PBXBuildFile; fileRef = 37F93C2321D28B41007CBE78 /* ViewController.swift */; };
		37F93C2721D28B41007CBE78 /* Main.storyboard in Resources */ = {isa = PBXBuildFile; fileRef = 37F93C2521D28B41007CBE78 /* Main.storyboard */; };
		37F93C2921D28B42007CBE78 /* Assets.xcassets in Resources */ = {isa = PBXBuildFile; fileRef = 37F93C2821D28B42007CBE78 /* Assets.xcassets */; };
		37F93C2C21D28B42007CBE78 /* LaunchScreen.storyboard in Resources */ = {isa = PBXBuildFile; fileRef = 37F93C2A21D28B42007CBE78 /* LaunchScreen.storyboard */; };
		37F93C3721D28B43007CBE78 /* LayoutInspectorExampleTests.swift in Sources */ = {isa = PBXBuildFile; fileRef = 37F93C3621D28B43007CBE78 /* LayoutInspectorExampleTests.swift */; };
		37F93C4321D28C8A007CBE78 /* ViewDescription.swift in Sources */ = {isa = PBXBuildFile; fileRef = 37F93C4221D28C8A007CBE78 /* ViewDescription.swift */; };
		37F93C4521D28D5E007CBE78 /* UIView+Extension.swift in Sources */ = {isa = PBXBuildFile; fileRef = 37F93C4421D28D5E007CBE78 /* UIView+Extension.swift */; };
		37F93C4721D299EF007CBE78 /* LayoutInspector.swift in Sources */ = {isa = PBXBuildFile; fileRef = 37F93C4621D299EF007CBE78 /* LayoutInspector.swift */; };
		37F93C4A21D29FC5007CBE78 /* LayoutInspector.storyboard in Resources */ = {isa = PBXBuildFile; fileRef = 37F93C4921D29FC5007CBE78 /* LayoutInspector.storyboard */; };
		37F93C4D21D2A129007CBE78 /* LayoutInspectorContainerViewController.swift in Sources */ = {isa = PBXBuildFile; fileRef = 37F93C4C21D2A129007CBE78 /* LayoutInspectorContainerViewController.swift */; };
		37F93C4F21D2A1FD007CBE78 /* LayoutInspectorPresenter.swift in Sources */ = {isa = PBXBuildFile; fileRef = 37F93C4E21D2A1FD007CBE78 /* LayoutInspectorPresenter.swift */; };
		37F93C5221D2A9EB007CBE78 /* Temp.scn in Resources */ = {isa = PBXBuildFile; fileRef = 37F93C5121D2A9EB007CBE78 /* Temp.scn */; };
		37F93C6821D2AD66007CBE78 /* 6_375x667.png in Resources */ = {isa = PBXBuildFile; fileRef = 37F93C6121D2AD66007CBE78 /* 6_375x667.png */; };
		37F93C6921D2AD66007CBE78 /* 1_32x32.png in Resources */ = {isa = PBXBuildFile; fileRef = 37F93C6221D2AD66007CBE78 /* 1_32x32.png */; };
		37F93C6C21D2AD66007CBE78 /* 3_240x128.png in Resources */ = {isa = PBXBuildFile; fileRef = 37F93C6521D2AD66007CBE78 /* 3_240x128.png */; };
		37F93C6D21D2AD66007CBE78 /* 2_64x64.png in Resources */ = {isa = PBXBuildFile; fileRef = 37F93C6621D2AD66007CBE78 /* 2_64x64.png */; };
		37F93C6E21D2AD66007CBE78 /* 7_375x667.png in Resources */ = {isa = PBXBuildFile; fileRef = 37F93C6721D2AD66007CBE78 /* 7_375x667.png */; };
		37F93C7021D2B6B1007CBE78 /* 5_100x30.png in Resources */ = {isa = PBXBuildFile; fileRef = 37F93C6F21D2B6B1007CBE78 /* 5_100x30.png */; };
		37F93C7221D2B6E6007CBE78 /* 4_65x18_.png in Resources */ = {isa = PBXBuildFile; fileRef = 37F93C7121D2B6E6007CBE78 /* 4_65x18_.png */; };
		37F989EC21DB87F200BC7483 /* LayoutInspectorAssets.xcassets in Resources */ = {isa = PBXBuildFile; fileRef = 37F989EB21DB87F200BC7483 /* LayoutInspectorAssets.xcassets */; };
		37F989EE21DBA94F00BC7483 /* DebugNode.swift in Sources */ = {isa = PBXBuildFile; fileRef = 37F989ED21DBA94F00BC7483 /* DebugNode.swift */; };
		37FB8F0521DCBF3400BCA9CD /* SceneViewManager.swift in Sources */ = {isa = PBXBuildFile; fileRef = 37FB8F0421DCBF3400BCA9CD /* SceneViewManager.swift */; };
		37FB8F0721DCC3B700BCA9CD /* SceneViewManagerInterfaces.swift in Sources */ = {isa = PBXBuildFile; fileRef = 37FB8F0621DCC3B700BCA9CD /* SceneViewManagerInterfaces.swift */; };
		37FB8F0921DCD57400BCA9CD /* ObjectAttributesManager.swift in Sources */ = {isa = PBXBuildFile; fileRef = 37FB8F0821DCD57400BCA9CD /* ObjectAttributesManager.swift */; };
		37FB8F0D21DCD8BF00BCA9CD /* AttributesWidgetViewController.swift in Sources */ = {isa = PBXBuildFile; fileRef = 37FB8F0C21DCD8BF00BCA9CD /* AttributesWidgetViewController.swift */; };
		37FB8F1021DCE3F500BCA9CD /* Segue.swift in Sources */ = {isa = PBXBuildFile; fileRef = 37FB8F0F21DCE3F500BCA9CD /* Segue.swift */; };
		37FB8F1221DCE5D300BCA9CD /* TextAttributeCell.swift in Sources */ = {isa = PBXBuildFile; fileRef = 37FB8F1121DCE5D300BCA9CD /* TextAttributeCell.swift */; };
		37FB8F1421DD5F8E00BCA9CD /* ColorAttributeCell.swift in Sources */ = {isa = PBXBuildFile; fileRef = 37FB8F1321DD5F8E00BCA9CD /* ColorAttributeCell.swift */; };
		37FB8F1621DD605B00BCA9CD /* UICollectionView+Extention.swift in Sources */ = {isa = PBXBuildFile; fileRef = 37FB8F1521DD605B00BCA9CD /* UICollectionView+Extention.swift */; };
		37FB8F1821DD65C100BCA9CD /* UIColor+Extension.swift in Sources */ = {isa = PBXBuildFile; fileRef = 37FB8F1721DD65C100BCA9CD /* UIColor+Extension.swift */; };
		37FB8F1A21DD683F00BCA9CD /* UtilsProtocols.swift in Sources */ = {isa = PBXBuildFile; fileRef = 37FB8F1921DD683F00BCA9CD /* UtilsProtocols.swift */; };
		37FB8F1C21DD68D100BCA9CD /* UIFont+Extension.swift in Sources */ = {isa = PBXBuildFile; fileRef = 37FB8F1B21DD68D100BCA9CD /* UIFont+Extension.swift */; };
		37FB8F1E21DD7B6000BCA9CD /* AttributesManagerInterfaces.swift in Sources */ = {isa = PBXBuildFile; fileRef = 37FB8F1D21DD7B6000BCA9CD /* AttributesManagerInterfaces.swift */; };
		37FB8F2021DE47D900BCA9CD /* String+Extension.swift in Sources */ = {isa = PBXBuildFile; fileRef = 37FB8F1F21DE47D900BCA9CD /* String+Extension.swift */; };
		37FB8F2221DE5C5D00BCA9CD /* AttributeViewModel.swift in Sources */ = {isa = PBXBuildFile; fileRef = 37FB8F2121DE5C5D00BCA9CD /* AttributeViewModel.swift */; };
		37FB8F2521DE9FFF00BCA9CD /* SceneWidgetViewController.swift in Sources */ = {isa = PBXBuildFile; fileRef = 37FB8F2421DE9FFF00BCA9CD /* SceneWidgetViewController.swift */; };
		37FB8F2721DEA28D00BCA9CD /* SceneWidgetInterfaces.swift in Sources */ = {isa = PBXBuildFile; fileRef = 37FB8F2621DEA28D00BCA9CD /* SceneWidgetInterfaces.swift */; };
		37FB8F2921DEA58900BCA9CD /* LayoutInspectorInterfaces.swift in Sources */ = {isa = PBXBuildFile; fileRef = 37FB8F2821DEA58900BCA9CD /* LayoutInspectorInterfaces.swift */; };
		37FB8F2D21DEAC1F00BCA9CD /* MenuWidgetInterfaces.swift in Sources */ = {isa = PBXBuildFile; fileRef = 37FB8F2C21DEAC1F00BCA9CD /* MenuWidgetInterfaces.swift */; };
		37FB8F2F21DEAC3700BCA9CD /* MenuWidgetViewController.swift in Sources */ = {isa = PBXBuildFile; fileRef = 37FB8F2E21DEAC3700BCA9CD /* MenuWidgetViewController.swift */; };
/* End PBXBuildFile section */

/* Begin PBXContainerItemProxy section */
		37F93C3321D28B43007CBE78 /* PBXContainerItemProxy */ = {
			isa = PBXContainerItemProxy;
			containerPortal = 37F93C1621D28B41007CBE78 /* Project object */;
			proxyType = 1;
			remoteGlobalIDString = 37F93C1D21D28B41007CBE78;
			remoteInfo = LayoutInspectorExample;
		};
/* End PBXContainerItemProxy section */

/* Begin PBXFileReference section */
		37F7159621D2E3820055F233 /* HierarchyBuilder.swift */ = {isa = PBXFileReference; lastKnownFileType = sourcecode.swift; path = HierarchyBuilder.swift; sourceTree = "<group>"; };
		37F7159821D2E9AA0055F233 /* RenderingView.swift */ = {isa = PBXFileReference; lastKnownFileType = sourcecode.swift; path = RenderingView.swift; sourceTree = "<group>"; };
		37F7159A21D2EC060055F233 /* RenderingTreeBuilder.swift */ = {isa = PBXFileReference; lastKnownFileType = sourcecode.swift; path = RenderingTreeBuilder.swift; sourceTree = "<group>"; };
		37F7159C21D2ED3A0055F233 /* Constants.swift */ = {isa = PBXFileReference; lastKnownFileType = sourcecode.swift; path = Constants.swift; sourceTree = "<group>"; };
		37F93C1E21D28B41007CBE78 /* LayoutInspectorExample.app */ = {isa = PBXFileReference; explicitFileType = wrapper.application; includeInIndex = 0; path = LayoutInspectorExample.app; sourceTree = BUILT_PRODUCTS_DIR; };
		37F93C2121D28B41007CBE78 /* AppDelegate.swift */ = {isa = PBXFileReference; lastKnownFileType = sourcecode.swift; path = AppDelegate.swift; sourceTree = "<group>"; };
		37F93C2321D28B41007CBE78 /* ViewController.swift */ = {isa = PBXFileReference; lastKnownFileType = sourcecode.swift; path = ViewController.swift; sourceTree = "<group>"; };
		37F93C2621D28B41007CBE78 /* Base */ = {isa = PBXFileReference; lastKnownFileType = file.storyboard; name = Base; path = Base.lproj/Main.storyboard; sourceTree = "<group>"; };
		37F93C2821D28B42007CBE78 /* Assets.xcassets */ = {isa = PBXFileReference; lastKnownFileType = folder.assetcatalog; path = Assets.xcassets; sourceTree = "<group>"; };
		37F93C2B21D28B42007CBE78 /* Base */ = {isa = PBXFileReference; lastKnownFileType = file.storyboard; name = Base; path = Base.lproj/LaunchScreen.storyboard; sourceTree = "<group>"; };
		37F93C2D21D28B42007CBE78 /* Info.plist */ = {isa = PBXFileReference; lastKnownFileType = text.plist.xml; path = Info.plist; sourceTree = "<group>"; };
		37F93C3221D28B43007CBE78 /* LayoutInspectorExampleTests.xctest */ = {isa = PBXFileReference; explicitFileType = wrapper.cfbundle; includeInIndex = 0; path = LayoutInspectorExampleTests.xctest; sourceTree = BUILT_PRODUCTS_DIR; };
		37F93C3621D28B43007CBE78 /* LayoutInspectorExampleTests.swift */ = {isa = PBXFileReference; lastKnownFileType = sourcecode.swift; path = LayoutInspectorExampleTests.swift; sourceTree = "<group>"; };
		37F93C3821D28B43007CBE78 /* Info.plist */ = {isa = PBXFileReference; lastKnownFileType = text.plist.xml; path = Info.plist; sourceTree = "<group>"; };
		37F93C4221D28C8A007CBE78 /* ViewDescription.swift */ = {isa = PBXFileReference; lastKnownFileType = sourcecode.swift; path = ViewDescription.swift; sourceTree = "<group>"; };
		37F93C4421D28D5E007CBE78 /* UIView+Extension.swift */ = {isa = PBXFileReference; lastKnownFileType = sourcecode.swift; path = "UIView+Extension.swift"; sourceTree = "<group>"; };
		37F93C4621D299EF007CBE78 /* LayoutInspector.swift */ = {isa = PBXFileReference; lastKnownFileType = sourcecode.swift; path = LayoutInspector.swift; sourceTree = "<group>"; };
		37F93C4921D29FC5007CBE78 /* LayoutInspector.storyboard */ = {isa = PBXFileReference; lastKnownFileType = file.storyboard; path = LayoutInspector.storyboard; sourceTree = "<group>"; };
		37F93C4C21D2A129007CBE78 /* LayoutInspectorContainerViewController.swift */ = {isa = PBXFileReference; lastKnownFileType = sourcecode.swift; path = LayoutInspectorContainerViewController.swift; sourceTree = "<group>"; };
		37F93C4E21D2A1FD007CBE78 /* LayoutInspectorPresenter.swift */ = {isa = PBXFileReference; lastKnownFileType = sourcecode.swift; path = LayoutInspectorPresenter.swift; sourceTree = "<group>"; };
		37F93C5121D2A9EB007CBE78 /* Temp.scn */ = {isa = PBXFileReference; lastKnownFileType = file.bplist; path = Temp.scn; sourceTree = "<group>"; };
		37F93C6121D2AD66007CBE78 /* 6_375x667.png */ = {isa = PBXFileReference; lastKnownFileType = image.png; path = 6_375x667.png; sourceTree = "<group>"; };
		37F93C6221D2AD66007CBE78 /* 1_32x32.png */ = {isa = PBXFileReference; lastKnownFileType = image.png; path = 1_32x32.png; sourceTree = "<group>"; };
		37F93C6521D2AD66007CBE78 /* 3_240x128.png */ = {isa = PBXFileReference; lastKnownFileType = image.png; path = 3_240x128.png; sourceTree = "<group>"; };
		37F93C6621D2AD66007CBE78 /* 2_64x64.png */ = {isa = PBXFileReference; lastKnownFileType = image.png; path = 2_64x64.png; sourceTree = "<group>"; };
		37F93C6721D2AD66007CBE78 /* 7_375x667.png */ = {isa = PBXFileReference; lastKnownFileType = image.png; path = 7_375x667.png; sourceTree = "<group>"; };
		37F93C6F21D2B6B1007CBE78 /* 5_100x30.png */ = {isa = PBXFileReference; lastKnownFileType = image.png; path = 5_100x30.png; sourceTree = "<group>"; };
		37F93C7121D2B6E6007CBE78 /* 4_65x18_.png */ = {isa = PBXFileReference; lastKnownFileType = image.png; path = 4_65x18_.png; sourceTree = "<group>"; };
		37F989EB21DB87F200BC7483 /* LayoutInspectorAssets.xcassets */ = {isa = PBXFileReference; lastKnownFileType = folder.assetcatalog; path = LayoutInspectorAssets.xcassets; sourceTree = "<group>"; };
		37F989ED21DBA94F00BC7483 /* DebugNode.swift */ = {isa = PBXFileReference; lastKnownFileType = sourcecode.swift; path = DebugNode.swift; sourceTree = "<group>"; };
		37FB8F0421DCBF3400BCA9CD /* SceneViewManager.swift */ = {isa = PBXFileReference; lastKnownFileType = sourcecode.swift; path = SceneViewManager.swift; sourceTree = "<group>"; };
		37FB8F0621DCC3B700BCA9CD /* SceneViewManagerInterfaces.swift */ = {isa = PBXFileReference; lastKnownFileType = sourcecode.swift; path = SceneViewManagerInterfaces.swift; sourceTree = "<group>"; };
		37FB8F0821DCD57400BCA9CD /* ObjectAttributesManager.swift */ = {isa = PBXFileReference; lastKnownFileType = sourcecode.swift; path = ObjectAttributesManager.swift; sourceTree = "<group>"; };
		37FB8F0C21DCD8BF00BCA9CD /* AttributesWidgetViewController.swift */ = {isa = PBXFileReference; lastKnownFileType = sourcecode.swift; path = AttributesWidgetViewController.swift; sourceTree = "<group>"; };
		37FB8F0F21DCE3F500BCA9CD /* Segue.swift */ = {isa = PBXFileReference; lastKnownFileType = sourcecode.swift; path = Segue.swift; sourceTree = "<group>"; };
		37FB8F1121DCE5D300BCA9CD /* TextAttributeCell.swift */ = {isa = PBXFileReference; lastKnownFileType = sourcecode.swift; path = TextAttributeCell.swift; sourceTree = "<group>"; };
		37FB8F1321DD5F8E00BCA9CD /* ColorAttributeCell.swift */ = {isa = PBXFileReference; lastKnownFileType = sourcecode.swift; path = ColorAttributeCell.swift; sourceTree = "<group>"; };
		37FB8F1521DD605B00BCA9CD /* UICollectionView+Extention.swift */ = {isa = PBXFileReference; lastKnownFileType = sourcecode.swift; path = "UICollectionView+Extention.swift"; sourceTree = "<group>"; };
		37FB8F1721DD65C100BCA9CD /* UIColor+Extension.swift */ = {isa = PBXFileReference; lastKnownFileType = sourcecode.swift; path = "UIColor+Extension.swift"; sourceTree = "<group>"; };
		37FB8F1921DD683F00BCA9CD /* UtilsProtocols.swift */ = {isa = PBXFileReference; lastKnownFileType = sourcecode.swift; path = UtilsProtocols.swift; sourceTree = "<group>"; };
		37FB8F1B21DD68D100BCA9CD /* UIFont+Extension.swift */ = {isa = PBXFileReference; lastKnownFileType = sourcecode.swift; path = "UIFont+Extension.swift"; sourceTree = "<group>"; };
		37FB8F1D21DD7B6000BCA9CD /* AttributesManagerInterfaces.swift */ = {isa = PBXFileReference; lastKnownFileType = sourcecode.swift; path = AttributesManagerInterfaces.swift; sourceTree = "<group>"; };
		37FB8F1F21DE47D900BCA9CD /* String+Extension.swift */ = {isa = PBXFileReference; lastKnownFileType = sourcecode.swift; path = "String+Extension.swift"; sourceTree = "<group>"; };
		37FB8F2121DE5C5D00BCA9CD /* AttributeViewModel.swift */ = {isa = PBXFileReference; lastKnownFileType = sourcecode.swift; path = AttributeViewModel.swift; sourceTree = "<group>"; };
		37FB8F2421DE9FFF00BCA9CD /* SceneWidgetViewController.swift */ = {isa = PBXFileReference; lastKnownFileType = sourcecode.swift; path = SceneWidgetViewController.swift; sourceTree = "<group>"; };
		37FB8F2621DEA28D00BCA9CD /* SceneWidgetInterfaces.swift */ = {isa = PBXFileReference; lastKnownFileType = sourcecode.swift; path = SceneWidgetInterfaces.swift; sourceTree = "<group>"; };
		37FB8F2821DEA58900BCA9CD /* LayoutInspectorInterfaces.swift */ = {isa = PBXFileReference; lastKnownFileType = sourcecode.swift; path = LayoutInspectorInterfaces.swift; sourceTree = "<group>"; };
		37FB8F2C21DEAC1F00BCA9CD /* MenuWidgetInterfaces.swift */ = {isa = PBXFileReference; lastKnownFileType = sourcecode.swift; path = MenuWidgetInterfaces.swift; sourceTree = "<group>"; };
		37FB8F2E21DEAC3700BCA9CD /* MenuWidgetViewController.swift */ = {isa = PBXFileReference; lastKnownFileType = sourcecode.swift; path = MenuWidgetViewController.swift; sourceTree = "<group>"; };
/* End PBXFileReference section */

/* Begin PBXFrameworksBuildPhase section */
		37F93C1B21D28B41007CBE78 /* Frameworks */ = {
			isa = PBXFrameworksBuildPhase;
			buildActionMask = 2147483647;
			files = (
			);
			runOnlyForDeploymentPostprocessing = 0;
		};
		37F93C2F21D28B43007CBE78 /* Frameworks */ = {
			isa = PBXFrameworksBuildPhase;
			buildActionMask = 2147483647;
			files = (
			);
			runOnlyForDeploymentPostprocessing = 0;
		};
/* End PBXFrameworksBuildPhase section */

/* Begin PBXGroup section */
		37F93C1521D28B41007CBE78 = {
			isa = PBXGroup;
			children = (
				37F93C2021D28B41007CBE78 /* LayoutInspectorExample */,
				37F93C3521D28B43007CBE78 /* LayoutInspectorExampleTests */,
				37F93C1F21D28B41007CBE78 /* Products */,
			);
			sourceTree = "<group>";
		};
		37F93C1F21D28B41007CBE78 /* Products */ = {
			isa = PBXGroup;
			children = (
				37F93C1E21D28B41007CBE78 /* LayoutInspectorExample.app */,
				37F93C3221D28B43007CBE78 /* LayoutInspectorExampleTests.xctest */,
			);
			name = Products;
			sourceTree = "<group>";
		};
		37F93C2021D28B41007CBE78 /* LayoutInspectorExample */ = {
			isa = PBXGroup;
			children = (
				37F93C2121D28B41007CBE78 /* AppDelegate.swift */,
				37F93C2321D28B41007CBE78 /* ViewController.swift */,
				37F93C2521D28B41007CBE78 /* Main.storyboard */,
				37F93C2821D28B42007CBE78 /* Assets.xcassets */,
				37F93C2A21D28B42007CBE78 /* LaunchScreen.storyboard */,
				37F93C2D21D28B42007CBE78 /* Info.plist */,
				37F93C5021D2A9B8007CBE78 /* Resources */,
				37F93C4121D28C49007CBE78 /* LayoutInspector */,
			);
			path = LayoutInspectorExample;
			sourceTree = "<group>";
		};
		37F93C3521D28B43007CBE78 /* LayoutInspectorExampleTests */ = {
			isa = PBXGroup;
			children = (
				37F93C3621D28B43007CBE78 /* LayoutInspectorExampleTests.swift */,
				37F93C3821D28B43007CBE78 /* Info.plist */,
			);
			path = LayoutInspectorExampleTests;
			sourceTree = "<group>";
		};
		37F93C4121D28C49007CBE78 /* LayoutInspector */ = {
			isa = PBXGroup;
			children = (
				37F93C4621D299EF007CBE78 /* LayoutInspector.swift */,
				37FB8F2A21DEA97500BCA9CD /* Domain Layer */,
				37F93C4B21D2A104007CBE78 /* UI Layer */,
			);
			path = LayoutInspector;
			sourceTree = "<group>";
		};
		37F93C4B21D2A104007CBE78 /* UI Layer */ = {
			isa = PBXGroup;
			children = (
				37FB8F0B21DCD87D00BCA9CD /* LayoutInspector */,
				37FB8F2B21DEABFB00BCA9CD /* MenuWidget */,
				37FB8F2321DE9FD500BCA9CD /* SceneWidget */,
				37FB8F0A21DCD86000BCA9CD /* AttributesWidget */,
			);
			path = "UI Layer";
			sourceTree = "<group>";
		};
		37F93C5021D2A9B8007CBE78 /* Resources */ = {
			isa = PBXGroup;
			children = (
				37F93C5121D2A9EB007CBE78 /* Temp.scn */,
				37F93C6221D2AD66007CBE78 /* 1_32x32.png */,
				37F93C6621D2AD66007CBE78 /* 2_64x64.png */,
				37F93C6521D2AD66007CBE78 /* 3_240x128.png */,
				37F93C7121D2B6E6007CBE78 /* 4_65x18_.png */,
				37F93C6F21D2B6B1007CBE78 /* 5_100x30.png */,
				37F93C6121D2AD66007CBE78 /* 6_375x667.png */,
				37F93C6721D2AD66007CBE78 /* 7_375x667.png */,
			);
			path = Resources;
			sourceTree = "<group>";
		};
		37F989E421DB80E700BC7483 /* Resources */ = {
			isa = PBXGroup;
			children = (
				37F989EB21DB87F200BC7483 /* LayoutInspectorAssets.xcassets */,
			);
			path = Resources;
			sourceTree = "<group>";
		};
		37FB8F0A21DCD86000BCA9CD /* AttributesWidget */ = {
			isa = PBXGroup;
			children = (
				37FB8F0C21DCD8BF00BCA9CD /* AttributesWidgetViewController.swift */,
				37FB8F1D21DD7B6000BCA9CD /* AttributesManagerInterfaces.swift */,
				37FB8F0821DCD57400BCA9CD /* ObjectAttributesManager.swift */,
				37FB8F2121DE5C5D00BCA9CD /* AttributeViewModel.swift */,
				37FB8F1121DCE5D300BCA9CD /* TextAttributeCell.swift */,
				37FB8F1321DD5F8E00BCA9CD /* ColorAttributeCell.swift */,
			);
			path = AttributesWidget;
			sourceTree = "<group>";
		};
		37FB8F0B21DCD87D00BCA9CD /* LayoutInspector */ = {
			isa = PBXGroup;
			children = (
				37FB8F2821DEA58900BCA9CD /* LayoutInspectorInterfaces.swift */,
				37F93C4C21D2A129007CBE78 /* LayoutInspectorContainerViewController.swift */,
				37F93C4E21D2A1FD007CBE78 /* LayoutInspectorPresenter.swift */,
				37F7159821D2E9AA0055F233 /* RenderingView.swift */,
				37F7159A21D2EC060055F233 /* RenderingTreeBuilder.swift */,
				37F989ED21DBA94F00BC7483 /* DebugNode.swift */,
			);
			path = LayoutInspector;
			sourceTree = "<group>";
		};
		37FB8F0E21DCE3E200BCA9CD /* Utils */ = {
			isa = PBXGroup;
			children = (
				37F7159C21D2ED3A0055F233 /* Constants.swift */,
				37FB8F0F21DCE3F500BCA9CD /* Segue.swift */,
				37FB8F1521DD605B00BCA9CD /* UICollectionView+Extention.swift */,
				37FB8F1921DD683F00BCA9CD /* UtilsProtocols.swift */,
				37F93C4421D28D5E007CBE78 /* UIView+Extension.swift */,
				37FB8F1721DD65C100BCA9CD /* UIColor+Extension.swift */,
				37FB8F1B21DD68D100BCA9CD /* UIFont+Extension.swift */,
				37FB8F1F21DE47D900BCA9CD /* String+Extension.swift */,
			);
			path = Utils;
			sourceTree = "<group>";
		};
		37FB8F2321DE9FD500BCA9CD /* SceneWidget */ = {
			isa = PBXGroup;
			children = (
				37FB8F2621DEA28D00BCA9CD /* SceneWidgetInterfaces.swift */,
				37FB8F2421DE9FFF00BCA9CD /* SceneWidgetViewController.swift */,
				37FB8F0621DCC3B700BCA9CD /* SceneViewManagerInterfaces.swift */,
				37FB8F0421DCBF3400BCA9CD /* SceneViewManager.swift */,
			);
			path = SceneWidget;
			sourceTree = "<group>";
		};
		37FB8F2A21DEA97500BCA9CD /* Domain Layer */ = {
			isa = PBXGroup;
			children = (
				37F7159621D2E3820055F233 /* HierarchyBuilder.swift */,
				37F93C4221D28C8A007CBE78 /* ViewDescription.swift */,
				37F93C4921D29FC5007CBE78 /* LayoutInspector.storyboard */,
				37FB8F0E21DCE3E200BCA9CD /* Utils */,
				37F989E421DB80E700BC7483 /* Resources */,
			);
			path = "Domain Layer";
			sourceTree = "<group>";
		};
		37FB8F2B21DEABFB00BCA9CD /* MenuWidget */ = {
			isa = PBXGroup;
			children = (
				37FB8F2C21DEAC1F00BCA9CD /* MenuWidgetInterfaces.swift */,
				37FB8F2E21DEAC3700BCA9CD /* MenuWidgetViewController.swift */,
			);
			path = MenuWidget;
			sourceTree = "<group>";
		};
/* End PBXGroup section */

/* Begin PBXNativeTarget section */
		37F93C1D21D28B41007CBE78 /* LayoutInspectorExample */ = {
			isa = PBXNativeTarget;
			buildConfigurationList = 37F93C3B21D28B43007CBE78 /* Build configuration list for PBXNativeTarget "LayoutInspectorExample" */;
			buildPhases = (
				37F93C1A21D28B41007CBE78 /* Sources */,
				37F93C1B21D28B41007CBE78 /* Frameworks */,
				37F93C1C21D28B41007CBE78 /* Resources */,
			);
			buildRules = (
			);
			dependencies = (
			);
			name = LayoutInspectorExample;
			productName = LayoutInspectorExample;
			productReference = 37F93C1E21D28B41007CBE78 /* LayoutInspectorExample.app */;
			productType = "com.apple.product-type.application";
		};
		37F93C3121D28B43007CBE78 /* LayoutInspectorExampleTests */ = {
			isa = PBXNativeTarget;
			buildConfigurationList = 37F93C3E21D28B43007CBE78 /* Build configuration list for PBXNativeTarget "LayoutInspectorExampleTests" */;
			buildPhases = (
				37F93C2E21D28B43007CBE78 /* Sources */,
				37F93C2F21D28B43007CBE78 /* Frameworks */,
				37F93C3021D28B43007CBE78 /* Resources */,
			);
			buildRules = (
			);
			dependencies = (
				37F93C3421D28B43007CBE78 /* PBXTargetDependency */,
			);
			name = LayoutInspectorExampleTests;
			productName = LayoutInspectorExampleTests;
			productReference = 37F93C3221D28B43007CBE78 /* LayoutInspectorExampleTests.xctest */;
			productType = "com.apple.product-type.bundle.unit-test";
		};
/* End PBXNativeTarget section */

/* Begin PBXProject section */
		37F93C1621D28B41007CBE78 /* Project object */ = {
			isa = PBXProject;
			attributes = {
				LastSwiftUpdateCheck = 1010;
				LastUpgradeCheck = 1010;
				ORGANIZATIONNAME = "Ihor Savynskyi";
				TargetAttributes = {
					37F93C1D21D28B41007CBE78 = {
						CreatedOnToolsVersion = 10.1;
					};
					37F93C3121D28B43007CBE78 = {
						CreatedOnToolsVersion = 10.1;
						TestTargetID = 37F93C1D21D28B41007CBE78;
					};
				};
			};
			buildConfigurationList = 37F93C1921D28B41007CBE78 /* Build configuration list for PBXProject "LayoutInspectorExample" */;
			compatibilityVersion = "Xcode 9.3";
			developmentRegion = en;
			hasScannedForEncodings = 0;
			knownRegions = (
				en,
				Base,
			);
			mainGroup = 37F93C1521D28B41007CBE78;
			productRefGroup = 37F93C1F21D28B41007CBE78 /* Products */;
			projectDirPath = "";
			projectRoot = "";
			targets = (
				37F93C1D21D28B41007CBE78 /* LayoutInspectorExample */,
				37F93C3121D28B43007CBE78 /* LayoutInspectorExampleTests */,
			);
		};
/* End PBXProject section */

/* Begin PBXResourcesBuildPhase section */
		37F93C1C21D28B41007CBE78 /* Resources */ = {
			isa = PBXResourcesBuildPhase;
			buildActionMask = 2147483647;
			files = (
				37F93C6921D2AD66007CBE78 /* 1_32x32.png in Resources */,
				37F93C2C21D28B42007CBE78 /* LaunchScreen.storyboard in Resources */,
				37F93C5221D2A9EB007CBE78 /* Temp.scn in Resources */,
				37F93C6E21D2AD66007CBE78 /* 7_375x667.png in Resources */,
				37F93C7221D2B6E6007CBE78 /* 4_65x18_.png in Resources */,
				37F93C2921D28B42007CBE78 /* Assets.xcassets in Resources */,
				37F93C6C21D2AD66007CBE78 /* 3_240x128.png in Resources */,
				37F93C4A21D29FC5007CBE78 /* LayoutInspector.storyboard in Resources */,
				37F93C7021D2B6B1007CBE78 /* 5_100x30.png in Resources */,
				37F93C2721D28B41007CBE78 /* Main.storyboard in Resources */,
				37F93C6D21D2AD66007CBE78 /* 2_64x64.png in Resources */,
				37F93C6821D2AD66007CBE78 /* 6_375x667.png in Resources */,
				37F989EC21DB87F200BC7483 /* LayoutInspectorAssets.xcassets in Resources */,
			);
			runOnlyForDeploymentPostprocessing = 0;
		};
		37F93C3021D28B43007CBE78 /* Resources */ = {
			isa = PBXResourcesBuildPhase;
			buildActionMask = 2147483647;
			files = (
			);
			runOnlyForDeploymentPostprocessing = 0;
		};
/* End PBXResourcesBuildPhase section */

/* Begin PBXSourcesBuildPhase section */
		37F93C1A21D28B41007CBE78 /* Sources */ = {
			isa = PBXSourcesBuildPhase;
			buildActionMask = 2147483647;
			files = (
				37FB8F1821DD65C100BCA9CD /* UIColor+Extension.swift in Sources */,
				37F93C4F21D2A1FD007CBE78 /* LayoutInspectorPresenter.swift in Sources */,
				37FB8F2D21DEAC1F00BCA9CD /* MenuWidgetInterfaces.swift in Sources */,
				37FB8F0D21DCD8BF00BCA9CD /* AttributesWidgetViewController.swift in Sources */,
				37FB8F1A21DD683F00BCA9CD /* UtilsProtocols.swift in Sources */,
				37FB8F2721DEA28D00BCA9CD /* SceneWidgetInterfaces.swift in Sources */,
				37FB8F0521DCBF3400BCA9CD /* SceneViewManager.swift in Sources */,
				37FB8F1C21DD68D100BCA9CD /* UIFont+Extension.swift in Sources */,
				37F7159D21D2ED3A0055F233 /* Constants.swift in Sources */,
				37F93C2421D28B41007CBE78 /* ViewController.swift in Sources */,
				37FB8F2021DE47D900BCA9CD /* String+Extension.swift in Sources */,
				37F93C2221D28B41007CBE78 /* AppDelegate.swift in Sources */,
				37FB8F1621DD605B00BCA9CD /* UICollectionView+Extention.swift in Sources */,
				37FB8F2921DEA58900BCA9CD /* LayoutInspectorInterfaces.swift in Sources */,
				37F7159921D2E9AA0055F233 /* RenderingView.swift in Sources */,
				37F93C4D21D2A129007CBE78 /* LayoutInspectorContainerViewController.swift in Sources */,
				37FB8F1E21DD7B6000BCA9CD /* AttributesManagerInterfaces.swift in Sources */,
				37F93C4521D28D5E007CBE78 /* UIView+Extension.swift in Sources */,
				37FB8F1221DCE5D300BCA9CD /* TextAttributeCell.swift in Sources */,
				37FB8F2F21DEAC3700BCA9CD /* MenuWidgetViewController.swift in Sources */,
				37FB8F1421DD5F8E00BCA9CD /* ColorAttributeCell.swift in Sources */,
				37F93C4321D28C8A007CBE78 /* ViewDescription.swift in Sources */,
				37FB8F2521DE9FFF00BCA9CD /* SceneWidgetViewController.swift in Sources */,
				37F7159B21D2EC060055F233 /* RenderingTreeBuilder.swift in Sources */,
				37FB8F0921DCD57400BCA9CD /* ObjectAttributesManager.swift in Sources */,
				37F93C4721D299EF007CBE78 /* LayoutInspector.swift in Sources */,
				37FB8F1021DCE3F500BCA9CD /* Segue.swift in Sources */,
				37F7159721D2E3820055F233 /* HierarchyBuilder.swift in Sources */,
				37FB8F2221DE5C5D00BCA9CD /* AttributeViewModel.swift in Sources */,
				37FB8F0721DCC3B700BCA9CD /* SceneViewManagerInterfaces.swift in Sources */,
				37F989EE21DBA94F00BC7483 /* DebugNode.swift in Sources */,
			);
			runOnlyForDeploymentPostprocessing = 0;
		};
		37F93C2E21D28B43007CBE78 /* Sources */ = {
			isa = PBXSourcesBuildPhase;
			buildActionMask = 2147483647;
			files = (
				37F93C3721D28B43007CBE78 /* LayoutInspectorExampleTests.swift in Sources */,
			);
			runOnlyForDeploymentPostprocessing = 0;
		};
/* End PBXSourcesBuildPhase section */

/* Begin PBXTargetDependency section */
		37F93C3421D28B43007CBE78 /* PBXTargetDependency */ = {
			isa = PBXTargetDependency;
			target = 37F93C1D21D28B41007CBE78 /* LayoutInspectorExample */;
			targetProxy = 37F93C3321D28B43007CBE78 /* PBXContainerItemProxy */;
		};
/* End PBXTargetDependency section */

/* Begin PBXVariantGroup section */
		37F93C2521D28B41007CBE78 /* Main.storyboard */ = {
			isa = PBXVariantGroup;
			children = (
				37F93C2621D28B41007CBE78 /* Base */,
			);
			name = Main.storyboard;
			sourceTree = "<group>";
		};
		37F93C2A21D28B42007CBE78 /* LaunchScreen.storyboard */ = {
			isa = PBXVariantGroup;
			children = (
				37F93C2B21D28B42007CBE78 /* Base */,
			);
			name = LaunchScreen.storyboard;
			sourceTree = "<group>";
		};
/* End PBXVariantGroup section */

/* Begin XCBuildConfiguration section */
		37F93C3921D28B43007CBE78 /* Debug */ = {
			isa = XCBuildConfiguration;
			buildSettings = {
				ALWAYS_SEARCH_USER_PATHS = NO;
				CLANG_ANALYZER_NONNULL = YES;
				CLANG_ANALYZER_NUMBER_OBJECT_CONVERSION = YES_AGGRESSIVE;
				CLANG_CXX_LANGUAGE_STANDARD = "gnu++14";
				CLANG_CXX_LIBRARY = "libc++";
				CLANG_ENABLE_MODULES = YES;
				CLANG_ENABLE_OBJC_ARC = YES;
				CLANG_ENABLE_OBJC_WEAK = YES;
				CLANG_WARN_BLOCK_CAPTURE_AUTORELEASING = YES;
				CLANG_WARN_BOOL_CONVERSION = YES;
				CLANG_WARN_COMMA = YES;
				CLANG_WARN_CONSTANT_CONVERSION = YES;
				CLANG_WARN_DEPRECATED_OBJC_IMPLEMENTATIONS = YES;
				CLANG_WARN_DIRECT_OBJC_ISA_USAGE = YES_ERROR;
				CLANG_WARN_DOCUMENTATION_COMMENTS = YES;
				CLANG_WARN_EMPTY_BODY = YES;
				CLANG_WARN_ENUM_CONVERSION = YES;
				CLANG_WARN_INFINITE_RECURSION = YES;
				CLANG_WARN_INT_CONVERSION = YES;
				CLANG_WARN_NON_LITERAL_NULL_CONVERSION = YES;
				CLANG_WARN_OBJC_IMPLICIT_RETAIN_SELF = YES;
				CLANG_WARN_OBJC_LITERAL_CONVERSION = YES;
				CLANG_WARN_OBJC_ROOT_CLASS = YES_ERROR;
				CLANG_WARN_RANGE_LOOP_ANALYSIS = YES;
				CLANG_WARN_STRICT_PROTOTYPES = YES;
				CLANG_WARN_SUSPICIOUS_MOVE = YES;
				CLANG_WARN_UNGUARDED_AVAILABILITY = YES_AGGRESSIVE;
				CLANG_WARN_UNREACHABLE_CODE = YES;
				CLANG_WARN__DUPLICATE_METHOD_MATCH = YES;
				CODE_SIGN_IDENTITY = "iPhone Developer";
				COPY_PHASE_STRIP = NO;
				DEBUG_INFORMATION_FORMAT = dwarf;
				ENABLE_STRICT_OBJC_MSGSEND = YES;
				ENABLE_TESTABILITY = YES;
				GCC_C_LANGUAGE_STANDARD = gnu11;
				GCC_DYNAMIC_NO_PIC = NO;
				GCC_NO_COMMON_BLOCKS = YES;
				GCC_OPTIMIZATION_LEVEL = 0;
				GCC_PREPROCESSOR_DEFINITIONS = (
					"DEBUG=1",
					"$(inherited)",
				);
				GCC_WARN_64_TO_32_BIT_CONVERSION = YES;
				GCC_WARN_ABOUT_RETURN_TYPE = YES_ERROR;
				GCC_WARN_UNDECLARED_SELECTOR = YES;
				GCC_WARN_UNINITIALIZED_AUTOS = YES_AGGRESSIVE;
				GCC_WARN_UNUSED_FUNCTION = YES;
				GCC_WARN_UNUSED_VARIABLE = YES;
				IPHONEOS_DEPLOYMENT_TARGET = 12.1;
				MTL_ENABLE_DEBUG_INFO = INCLUDE_SOURCE;
				MTL_FAST_MATH = YES;
				ONLY_ACTIVE_ARCH = YES;
				SDKROOT = iphoneos;
				SWIFT_ACTIVE_COMPILATION_CONDITIONS = DEBUG;
				SWIFT_OPTIMIZATION_LEVEL = "-Onone";
			};
			name = Debug;
		};
		37F93C3A21D28B43007CBE78 /* Release */ = {
			isa = XCBuildConfiguration;
			buildSettings = {
				ALWAYS_SEARCH_USER_PATHS = NO;
				CLANG_ANALYZER_NONNULL = YES;
				CLANG_ANALYZER_NUMBER_OBJECT_CONVERSION = YES_AGGRESSIVE;
				CLANG_CXX_LANGUAGE_STANDARD = "gnu++14";
				CLANG_CXX_LIBRARY = "libc++";
				CLANG_ENABLE_MODULES = YES;
				CLANG_ENABLE_OBJC_ARC = YES;
				CLANG_ENABLE_OBJC_WEAK = YES;
				CLANG_WARN_BLOCK_CAPTURE_AUTORELEASING = YES;
				CLANG_WARN_BOOL_CONVERSION = YES;
				CLANG_WARN_COMMA = YES;
				CLANG_WARN_CONSTANT_CONVERSION = YES;
				CLANG_WARN_DEPRECATED_OBJC_IMPLEMENTATIONS = YES;
				CLANG_WARN_DIRECT_OBJC_ISA_USAGE = YES_ERROR;
				CLANG_WARN_DOCUMENTATION_COMMENTS = YES;
				CLANG_WARN_EMPTY_BODY = YES;
				CLANG_WARN_ENUM_CONVERSION = YES;
				CLANG_WARN_INFINITE_RECURSION = YES;
				CLANG_WARN_INT_CONVERSION = YES;
				CLANG_WARN_NON_LITERAL_NULL_CONVERSION = YES;
				CLANG_WARN_OBJC_IMPLICIT_RETAIN_SELF = YES;
				CLANG_WARN_OBJC_LITERAL_CONVERSION = YES;
				CLANG_WARN_OBJC_ROOT_CLASS = YES_ERROR;
				CLANG_WARN_RANGE_LOOP_ANALYSIS = YES;
				CLANG_WARN_STRICT_PROTOTYPES = YES;
				CLANG_WARN_SUSPICIOUS_MOVE = YES;
				CLANG_WARN_UNGUARDED_AVAILABILITY = YES_AGGRESSIVE;
				CLANG_WARN_UNREACHABLE_CODE = YES;
				CLANG_WARN__DUPLICATE_METHOD_MATCH = YES;
				CODE_SIGN_IDENTITY = "iPhone Developer";
				COPY_PHASE_STRIP = NO;
				DEBUG_INFORMATION_FORMAT = "dwarf-with-dsym";
				ENABLE_NS_ASSERTIONS = NO;
				ENABLE_STRICT_OBJC_MSGSEND = YES;
				GCC_C_LANGUAGE_STANDARD = gnu11;
				GCC_NO_COMMON_BLOCKS = YES;
				GCC_WARN_64_TO_32_BIT_CONVERSION = YES;
				GCC_WARN_ABOUT_RETURN_TYPE = YES_ERROR;
				GCC_WARN_UNDECLARED_SELECTOR = YES;
				GCC_WARN_UNINITIALIZED_AUTOS = YES_AGGRESSIVE;
				GCC_WARN_UNUSED_FUNCTION = YES;
				GCC_WARN_UNUSED_VARIABLE = YES;
				IPHONEOS_DEPLOYMENT_TARGET = 12.1;
				MTL_ENABLE_DEBUG_INFO = NO;
				MTL_FAST_MATH = YES;
				SDKROOT = iphoneos;
				SWIFT_COMPILATION_MODE = wholemodule;
				SWIFT_OPTIMIZATION_LEVEL = "-O";
				VALIDATE_PRODUCT = YES;
			};
			name = Release;
		};
		37F93C3C21D28B43007CBE78 /* Debug */ = {
			isa = XCBuildConfiguration;
			buildSettings = {
				ASSETCATALOG_COMPILER_APPICON_NAME = AppIcon;
				CODE_SIGN_STYLE = Automatic;
				DEVELOPMENT_TEAM = 56E9A934VJ;
				INFOPLIST_FILE = LayoutInspectorExample/Info.plist;
				IPHONEOS_DEPLOYMENT_TARGET = 11.0;
				LD_RUNPATH_SEARCH_PATHS = (
					"$(inherited)",
					"@executable_path/Frameworks",
				);
				PRODUCT_BUNDLE_IDENTIFIER = com.igorsavynskyi.layoutinspectorexample.LayoutInspectorExample;
				PRODUCT_NAME = "$(TARGET_NAME)";
				SWIFT_VERSION = 4.2;
				TARGETED_DEVICE_FAMILY = "1,2";
			};
			name = Debug;
		};
		37F93C3D21D28B43007CBE78 /* Release */ = {
			isa = XCBuildConfiguration;
			buildSettings = {
				ASSETCATALOG_COMPILER_APPICON_NAME = AppIcon;
				CODE_SIGN_STYLE = Automatic;
				DEVELOPMENT_TEAM = 56E9A934VJ;
				INFOPLIST_FILE = LayoutInspectorExample/Info.plist;
				IPHONEOS_DEPLOYMENT_TARGET = 11.0;
				LD_RUNPATH_SEARCH_PATHS = (
					"$(inherited)",
					"@executable_path/Frameworks",
				);
				PRODUCT_BUNDLE_IDENTIFIER = com.igorsavynskyi.layoutinspectorexample.LayoutInspectorExample;
				PRODUCT_NAME = "$(TARGET_NAME)";
				SWIFT_VERSION = 4.2;
				TARGETED_DEVICE_FAMILY = "1,2";
			};
			name = Release;
		};
		37F93C3F21D28B43007CBE78 /* Debug */ = {
			isa = XCBuildConfiguration;
			buildSettings = {
				ALWAYS_EMBED_SWIFT_STANDARD_LIBRARIES = YES;
				BUNDLE_LOADER = "$(TEST_HOST)";
				CODE_SIGN_STYLE = Automatic;
				DEVELOPMENT_TEAM = 56E9A934VJ;
				INFOPLIST_FILE = LayoutInspectorExampleTests/Info.plist;
				LD_RUNPATH_SEARCH_PATHS = (
					"$(inherited)",
					"@executable_path/Frameworks",
					"@loader_path/Frameworks",
				);
				PRODUCT_BUNDLE_IDENTIFIER = com.igorsavynskyi.layoutinspectorexample.LayoutInspectorExampleTests;
				PRODUCT_NAME = "$(TARGET_NAME)";
				SWIFT_VERSION = 4.2;
				TARGETED_DEVICE_FAMILY = "1,2";
				TEST_HOST = "$(BUILT_PRODUCTS_DIR)/LayoutInspectorExample.app/LayoutInspectorExample";
			};
			name = Debug;
		};
		37F93C4021D28B43007CBE78 /* Release */ = {
			isa = XCBuildConfiguration;
			buildSettings = {
				ALWAYS_EMBED_SWIFT_STANDARD_LIBRARIES = YES;
				BUNDLE_LOADER = "$(TEST_HOST)";
				CODE_SIGN_STYLE = Automatic;
				DEVELOPMENT_TEAM = 56E9A934VJ;
				INFOPLIST_FILE = LayoutInspectorExampleTests/Info.plist;
				LD_RUNPATH_SEARCH_PATHS = (
					"$(inherited)",
					"@executable_path/Frameworks",
					"@loader_path/Frameworks",
				);
				PRODUCT_BUNDLE_IDENTIFIER = com.igorsavynskyi.layoutinspectorexample.LayoutInspectorExampleTests;
				PRODUCT_NAME = "$(TARGET_NAME)";
				SWIFT_VERSION = 4.2;
				TARGETED_DEVICE_FAMILY = "1,2";
				TEST_HOST = "$(BUILT_PRODUCTS_DIR)/LayoutInspectorExample.app/LayoutInspectorExample";
			};
			name = Release;
		};
/* End XCBuildConfiguration section */

/* Begin XCConfigurationList section */
		37F93C1921D28B41007CBE78 /* Build configuration list for PBXProject "LayoutInspectorExample" */ = {
			isa = XCConfigurationList;
			buildConfigurations = (
				37F93C3921D28B43007CBE78 /* Debug */,
				37F93C3A21D28B43007CBE78 /* Release */,
			);
			defaultConfigurationIsVisible = 0;
			defaultConfigurationName = Release;
		};
		37F93C3B21D28B43007CBE78 /* Build configuration list for PBXNativeTarget "LayoutInspectorExample" */ = {
			isa = XCConfigurationList;
			buildConfigurations = (
				37F93C3C21D28B43007CBE78 /* Debug */,
				37F93C3D21D28B43007CBE78 /* Release */,
			);
			defaultConfigurationIsVisible = 0;
			defaultConfigurationName = Release;
		};
		37F93C3E21D28B43007CBE78 /* Build configuration list for PBXNativeTarget "LayoutInspectorExampleTests" */ = {
			isa = XCConfigurationList;
			buildConfigurations = (
				37F93C3F21D28B43007CBE78 /* Debug */,
				37F93C4021D28B43007CBE78 /* Release */,
			);
			defaultConfigurationIsVisible = 0;
			defaultConfigurationName = Release;
		};
/* End XCConfigurationList section */
	};
	rootObject = 37F93C1621D28B41007CBE78 /* Project object */;
}
